
Microsoft Visual Studio Solution File, Format Version 12.00
# Visual Studio 15
VisualStudioVersion = 15.0.27703.2026
MinimumVisualStudioVersion = 10.0.40219.1
Project("{9A19103F-16F7-4668-BE54-9A1E7A4F7556}") = "LogService", "src\LogService\LogService.csproj", "{F332B295-F002-4106-AD79-79F4CB434D9E}"
EndProject
Global
	GlobalSection(SolutionConfigurationPlatforms) = preSolution
		Debug|Any CPU = Debug|Any CPU
		Release|Any CPU = Release|Any CPU
	EndGlobalSection
	GlobalSection(ProjectConfigurationPlatforms) = postSolution
		{F332B295-F002-4106-AD79-79F4CB434D9E}.Debug|Any CPU.ActiveCfg = Debug|Any CPU
		{F332B295-F002-4106-AD79-79F4CB434D9E}.Debug|Any CPU.Build.0 = Debug|Any CPU
		{F332B295-F002-4106-AD79-79F4CB434D9E}.Release|Any CPU.ActiveCfg = Release|Any CPU
		{F332B295-F002-4106-AD79-79F4CB434D9E}.Release|Any CPU.Build.0 = Release|Any CPU
	EndGlobalSection
	GlobalSection(SolutionProperties) = preSolution
		HideSolutionNode = FALSE
	EndGlobalSection
	GlobalSection(ExtensibilityGlobals) = postSolution
		SolutionGuid = {73C2A1CD-6C49-45A6-9250-63A4A64F55D8}
	EndGlobalSection
EndGlobal
