
Microsoft Visual Studio Solution File, Format Version 12.00
# Visual Studio Version 17
VisualStudioVersion = 17.0.31903.59
MinimumVisualStudioVersion = 10.0.40219.1
Project("{2150E333-8FDC-42A3-9474-1A3956D46DE8}") = "src", "src", "{827E0CD3-B72D-47B6-A68D-7590B98EB39B}"
EndProject
Project("{FAE04EC0-301F-11D3-BF4B-00C04F79EFBC}") = "LogServer.Core", "src\LogServer.Core\LogServer.Core.csproj", "{FD7BB455-2AB0-431A-848C-FD14342F0744}"
EndProject
Project("{FAE04EC0-301F-11D3-BF4B-00C04F79EFBC}") = "LogServer.Application", "src\LogServer.Application\LogServer.Application.csproj", "{1714F5B2-8D04-4FD2-8DC2-79CACAECD580}"
EndProject
Project("{FAE04EC0-301F-11D3-BF4B-00C04F79EFBC}") = "LogServer.Infrastructure", "src\LogServer.Infrastructure\LogServer.Infrastructure.csproj", "{8CB60A6C-E9A2-47D6-BA17-E97C26F0AC8F}"
EndProject
Project("{FAE04EC0-301F-11D3-BF4B-00C04F79EFBC}") = "LogServer.API", "src\LogServer.API\LogServer.API.csproj", "{F87BAA92-0F2D-4CF7-B1C2-F9F37C63297B}"
EndProject
Project("{FAE04EC0-301F-11D3-BF4B-00C04F79EFBC}") = "IntegrationTests", "test\IntegrationTests\IntegrationTests.csproj", "{2EED7202-503E-4DB1-BEA6-424F169F7FDD}"
EndProject
Global
	GlobalSection(SolutionConfigurationPlatforms) = preSolution
		Debug|Any CPU = Debug|Any CPU
		Debug|x64 = Debug|x64
		Debug|x86 = Debug|x86
		Release|Any CPU = Release|Any CPU
		Release|x64 = Release|x64
		Release|x86 = Release|x86
	EndGlobalSection
	GlobalSection(ProjectConfigurationPlatforms) = postSolution
		{FD7BB455-2AB0-431A-848C-FD14342F0744}.Debug|Any CPU.ActiveCfg = Debug|Any CPU
		{FD7BB455-2AB0-431A-848C-FD14342F0744}.Debug|Any CPU.Build.0 = Debug|Any CPU
		{FD7BB455-2AB0-431A-848C-FD14342F0744}.Debug|x64.ActiveCfg = Debug|Any CPU
		{FD7BB455-2AB0-431A-848C-FD14342F0744}.Debug|x64.Build.0 = Debug|Any CPU
		{FD7BB455-2AB0-431A-848C-FD14342F0744}.Debug|x86.ActiveCfg = Debug|Any CPU
		{FD7BB455-2AB0-431A-848C-FD14342F0744}.Debug|x86.Build.0 = Debug|Any CPU
		{FD7BB455-2AB0-431A-848C-FD14342F0744}.Release|Any CPU.ActiveCfg = Release|Any CPU
		{FD7BB455-2AB0-431A-848C-FD14342F0744}.Release|Any CPU.Build.0 = Release|Any CPU
		{FD7BB455-2AB0-431A-848C-FD14342F0744}.Release|x64.ActiveCfg = Release|Any CPU
		{FD7BB455-2AB0-431A-848C-FD14342F0744}.Release|x64.Build.0 = Release|Any CPU
		{FD7BB455-2AB0-431A-848C-FD14342F0744}.Release|x86.ActiveCfg = Release|Any CPU
		{FD7BB455-2AB0-431A-848C-FD14342F0744}.Release|x86.Build.0 = Release|Any CPU
		{1714F5B2-8D04-4FD2-8DC2-79CACAECD580}.Debug|Any CPU.ActiveCfg = Debug|Any CPU
		{1714F5B2-8D04-4FD2-8DC2-79CACAECD580}.Debug|Any CPU.Build.0 = Debug|Any CPU
		{1714F5B2-8D04-4FD2-8DC2-79CACAECD580}.Debug|x64.ActiveCfg = Debug|Any CPU
		{1714F5B2-8D04-4FD2-8DC2-79CACAECD580}.Debug|x64.Build.0 = Debug|Any CPU
		{1714F5B2-8D04-4FD2-8DC2-79CACAECD580}.Debug|x86.ActiveCfg = Debug|Any CPU
		{1714F5B2-8D04-4FD2-8DC2-79CACAECD580}.Debug|x86.Build.0 = Debug|Any CPU
		{1714F5B2-8D04-4FD2-8DC2-79CACAECD580}.Release|Any CPU.ActiveCfg = Release|Any CPU
		{1714F5B2-8D04-4FD2-8DC2-79CACAECD580}.Release|Any CPU.Build.0 = Release|Any CPU
		{1714F5B2-8D04-4FD2-8DC2-79CACAECD580}.Release|x64.ActiveCfg = Release|Any CPU
		{1714F5B2-8D04-4FD2-8DC2-79CACAECD580}.Release|x64.Build.0 = Release|Any CPU
		{1714F5B2-8D04-4FD2-8DC2-79CACAECD580}.Release|x86.ActiveCfg = Release|Any CPU
		{1714F5B2-8D04-4FD2-8DC2-79CACAECD580}.Release|x86.Build.0 = Release|Any CPU
		{8CB60A6C-E9A2-47D6-BA17-E97C26F0AC8F}.Debug|Any CPU.ActiveCfg = Debug|Any CPU
		{8CB60A6C-E9A2-47D6-BA17-E97C26F0AC8F}.Debug|Any CPU.Build.0 = Debug|Any CPU
		{8CB60A6C-E9A2-47D6-BA17-E97C26F0AC8F}.Debug|x64.ActiveCfg = Debug|Any CPU
		{8CB60A6C-E9A2-47D6-BA17-E97C26F0AC8F}.Debug|x64.Build.0 = Debug|Any CPU
		{8CB60A6C-E9A2-47D6-BA17-E97C26F0AC8F}.Debug|x86.ActiveCfg = Debug|Any CPU
		{8CB60A6C-E9A2-47D6-BA17-E97C26F0AC8F}.Debug|x86.Build.0 = Debug|Any CPU
		{8CB60A6C-E9A2-47D6-BA17-E97C26F0AC8F}.Release|Any CPU.ActiveCfg = Release|Any CPU
		{8CB60A6C-E9A2-47D6-BA17-E97C26F0AC8F}.Release|Any CPU.Build.0 = Release|Any CPU
		{8CB60A6C-E9A2-47D6-BA17-E97C26F0AC8F}.Release|x64.ActiveCfg = Release|Any CPU
		{8CB60A6C-E9A2-47D6-BA17-E97C26F0AC8F}.Release|x64.Build.0 = Release|Any CPU
		{8CB60A6C-E9A2-47D6-BA17-E97C26F0AC8F}.Release|x86.ActiveCfg = Release|Any CPU
		{8CB60A6C-E9A2-47D6-BA17-E97C26F0AC8F}.Release|x86.Build.0 = Release|Any CPU
		{F87BAA92-0F2D-4CF7-B1C2-F9F37C63297B}.Debug|Any CPU.ActiveCfg = Debug|Any CPU
		{F87BAA92-0F2D-4CF7-B1C2-F9F37C63297B}.Debug|Any CPU.Build.0 = Debug|Any CPU
		{F87BAA92-0F2D-4CF7-B1C2-F9F37C63297B}.Debug|x64.ActiveCfg = Debug|Any CPU
		{F87BAA92-0F2D-4CF7-B1C2-F9F37C63297B}.Debug|x64.Build.0 = Debug|Any CPU
		{F87BAA92-0F2D-4CF7-B1C2-F9F37C63297B}.Debug|x86.ActiveCfg = Debug|Any CPU
		{F87BAA92-0F2D-4CF7-B1C2-F9F37C63297B}.Debug|x86.Build.0 = Debug|Any CPU
		{F87BAA92-0F2D-4CF7-B1C2-F9F37C63297B}.Release|Any CPU.ActiveCfg = Release|Any CPU
		{F87BAA92-0F2D-4CF7-B1C2-F9F37C63297B}.Release|Any CPU.Build.0 = Release|Any CPU
		{F87BAA92-0F2D-4CF7-B1C2-F9F37C63297B}.Release|x64.ActiveCfg = Release|Any CPU
		{F87BAA92-0F2D-4CF7-B1C2-F9F37C63297B}.Release|x64.Build.0 = Release|Any CPU
		{F87BAA92-0F2D-4CF7-B1C2-F9F37C63297B}.Release|x86.ActiveCfg = Release|Any CPU
		{F87BAA92-0F2D-4CF7-B1C2-F9F37C63297B}.Release|x86.Build.0 = Release|Any CPU
		{2EED7202-503E-4DB1-BEA6-424F169F7FDD}.Debug|Any CPU.ActiveCfg = Debug|Any CPU
		{2EED7202-503E-4DB1-BEA6-424F169F7FDD}.Debug|Any CPU.Build.0 = Debug|Any CPU
		{2EED7202-503E-4DB1-BEA6-424F169F7FDD}.Debug|x64.ActiveCfg = Debug|Any CPU
		{2EED7202-503E-4DB1-BEA6-424F169F7FDD}.Debug|x64.Build.0 = Debug|Any CPU
		{2EED7202-503E-4DB1-BEA6-424F169F7FDD}.Debug|x86.ActiveCfg = Debug|Any CPU
		{2EED7202-503E-4DB1-BEA6-424F169F7FDD}.Debug|x86.Build.0 = Debug|Any CPU
		{2EED7202-503E-4DB1-BEA6-424F169F7FDD}.Release|Any CPU.ActiveCfg = Release|Any CPU
		{2EED7202-503E-4DB1-BEA6-424F169F7FDD}.Release|Any CPU.Build.0 = Release|Any CPU
		{2EED7202-503E-4DB1-BEA6-424F169F7FDD}.Release|x64.ActiveCfg = Release|Any CPU
		{2EED7202-503E-4DB1-BEA6-424F169F7FDD}.Release|x64.Build.0 = Release|Any CPU
		{2EED7202-503E-4DB1-BEA6-424F169F7FDD}.Release|x86.ActiveCfg = Release|Any CPU
		{2EED7202-503E-4DB1-BEA6-424F169F7FDD}.Release|x86.Build.0 = Release|Any CPU
	EndGlobalSection
	GlobalSection(SolutionProperties) = preSolution
		HideSolutionNode = FALSE
	EndGlobalSection
	GlobalSection(NestedProjects) = preSolution
		{FD7BB455-2AB0-431A-848C-FD14342F0744} = {827E0CD3-B72D-47B6-A68D-7590B98EB39B}
		{1714F5B2-8D04-4FD2-8DC2-79CACAECD580} = {827E0CD3-B72D-47B6-A68D-7590B98EB39B}
		{8CB60A6C-E9A2-47D6-BA17-E97C26F0AC8F} = {827E0CD3-B72D-47B6-A68D-7590B98EB39B}
		{F87BAA92-0F2D-4CF7-B1C2-F9F37C63297B} = {827E0CD3-B72D-47B6-A68D-7590B98EB39B}
		{2EED7202-503E-4DB1-BEA6-424F169F7FDD} = {827E0CD3-B72D-47B6-A68D-7590B98EB39B}
	EndGlobalSection
EndGlobal
